
Microsoft Visual Studio Solution File, Format Version 12.00
# Visual Studio 15
VisualStudioVersion = 15.0.27428.2037
MinimumVisualStudioVersion = 10.0.40219.1
Project("{FAE04EC0-301F-11D3-BF4B-00C04F79EFBC}") = "GlobalShop", "GlobalShop\GlobalShop.csproj", "{BC6E1E2B-42A1-4A0E-AB72-204E1B715916}"
EndProject
Global
	GlobalSection(SolutionConfigurationPlatforms) = preSolution
		Debug|Any CPU = Debug|Any CPU
		Release|Any CPU = Release|Any CPU
	EndGlobalSection
	GlobalSection(ProjectConfigurationPlatforms) = postSolution
		{BC6E1E2B-42A1-4A0E-AB72-204E1B715916}.Debug|Any CPU.ActiveCfg = Debug|Any CPU
		{BC6E1E2B-42A1-4A0E-AB72-204E1B715916}.Debug|Any CPU.Build.0 = Debug|Any CPU
		{BC6E1E2B-42A1-4A0E-AB72-204E1B715916}.Release|Any CPU.ActiveCfg = Release|Any CPU
		{BC6E1E2B-42A1-4A0E-AB72-204E1B715916}.Release|Any CPU.Build.0 = Release|Any CPU
	EndGlobalSection
	GlobalSection(SolutionProperties) = preSolution
		HideSolutionNode = FALSE
	EndGlobalSection
	GlobalSection(ExtensibilityGlobals) = postSolution
		SolutionGuid = {59E1D1AF-1451-433F-8456-05613B43016C}
	EndGlobalSection
EndGlobal
